// !$*UTF8*$!
{
	archiveVersion = 1;
	classes = {
	};
	objectVersion = 46;
	objects = {

/* Begin PBXBuildFile section */
		1122B9131C736E70009D667A /* soccer_ball.png in Resources */ = {isa = PBXBuildFile; fileRef = 1122B9121C736E70009D667A /* soccer_ball.png */; };
		11B825931C73530A00BD32B0 /* AppDelegate.swift in Sources */ = {isa = PBXBuildFile; fileRef = 11B825921C73530A00BD32B0 /* AppDelegate.swift */; };
		11B825971C73530A00BD32B0 /* GameViewController.swift in Sources */ = {isa = PBXBuildFile; fileRef = 11B825961C73530A00BD32B0 /* GameViewController.swift */; };
		11B8259A1C73530B00BD32B0 /* Main.storyboard in Resources */ = {isa = PBXBuildFile; fileRef = 11B825981C73530B00BD32B0 /* Main.storyboard */; };
		11B8259C1C73530B00BD32B0 /* Assets.xcassets in Resources */ = {isa = PBXBuildFile; fileRef = 11B8259B1C73530B00BD32B0 /* Assets.xcassets */; };
		11B8259F1C73530B00BD32B0 /* LaunchScreen.storyboard in Resources */ = {isa = PBXBuildFile; fileRef = 11B8259D1C73530B00BD32B0 /* LaunchScreen.storyboard */; };
		11B825AA1C73530B00BD32B0 /* SwiftMazeTests.swift in Sources */ = {isa = PBXBuildFile; fileRef = 11B825A91C73530B00BD32B0 /* SwiftMazeTests.swift */; };
		11B825B51C73530B00BD32B0 /* SwiftMazeUITests.swift in Sources */ = {isa = PBXBuildFile; fileRef = 11B825B41C73530B00BD32B0 /* SwiftMazeUITests.swift */; };
		11B825C71C73552100BD32B0 /* MazeScene.swift in Sources */ = {isa = PBXBuildFile; fileRef = 11B825C61C73552100BD32B0 /* MazeScene.swift */; };
		11B825CD1C735AD900BD32B0 /* MazeScene.sks in Resources */ = {isa = PBXBuildFile; fileRef = 11B825CC1C735AD900BD32B0 /* MazeScene.sks */; };
		11B825CF1C73688200BD32B0 /* glass_ball.png in Resources */ = {isa = PBXBuildFile; fileRef = 11B825CE1C73688200BD32B0 /* glass_ball.png */; };
/* End PBXBuildFile section */

/* Begin PBXContainerItemProxy section */
		11B825A61C73530B00BD32B0 /* PBXContainerItemProxy */ = {
			isa = PBXContainerItemProxy;
			containerPortal = 11B825871C73530A00BD32B0 /* Project object */;
			proxyType = 1;
			remoteGlobalIDString = 11B8258E1C73530A00BD32B0;
			remoteInfo = SwiftMaze;
		};
		11B825B11C73530B00BD32B0 /* PBXContainerItemProxy */ = {
			isa = PBXContainerItemProxy;
			containerPortal = 11B825871C73530A00BD32B0 /* Project object */;
			proxyType = 1;
			remoteGlobalIDString = 11B8258E1C73530A00BD32B0;
			remoteInfo = SwiftMaze;
		};
/* End PBXContainerItemProxy section */

/* Begin PBXFileReference section */
		1122B9121C736E70009D667A /* soccer_ball.png */ = {isa = PBXFileReference; lastKnownFileType = image.png; path = soccer_ball.png; sourceTree = "<group>"; };
		11B8258F1C73530A00BD32B0 /* SwiftMaze.app */ = {isa = PBXFileReference; explicitFileType = wrapper.application; includeInIndex = 0; path = SwiftMaze.app; sourceTree = BUILT_PRODUCTS_DIR; };
		11B825921C73530A00BD32B0 /* AppDelegate.swift */ = {isa = PBXFileReference; lastKnownFileType = sourcecode.swift; path = AppDelegate.swift; sourceTree = "<group>"; };
		11B825961C73530A00BD32B0 /* GameViewController.swift */ = {isa = PBXFileReference; lastKnownFileType = sourcecode.swift; path = GameViewController.swift; sourceTree = "<group>"; };
		11B825991C73530B00BD32B0 /* Base */ = {isa = PBXFileReference; lastKnownFileType = file.storyboard; name = Base; path = Base.lproj/Main.storyboard; sourceTree = "<group>"; };
		11B8259B1C73530B00BD32B0 /* Assets.xcassets */ = {isa = PBXFileReference; lastKnownFileType = folder.assetcatalog; path = Assets.xcassets; sourceTree = "<group>"; };
		11B8259E1C73530B00BD32B0 /* Base */ = {isa = PBXFileReference; lastKnownFileType = file.storyboard; name = Base; path = Base.lproj/LaunchScreen.storyboard; sourceTree = "<group>"; };
		11B825A01C73530B00BD32B0 /* Info.plist */ = {isa = PBXFileReference; lastKnownFileType = text.plist.xml; path = Info.plist; sourceTree = "<group>"; };
		11B825A51C73530B00BD32B0 /* SwiftMazeTests.xctest */ = {isa = PBXFileReference; explicitFileType = wrapper.cfbundle; includeInIndex = 0; path = SwiftMazeTests.xctest; sourceTree = BUILT_PRODUCTS_DIR; };
		11B825A91C73530B00BD32B0 /* SwiftMazeTests.swift */ = {isa = PBXFileReference; lastKnownFileType = sourcecode.swift; path = SwiftMazeTests.swift; sourceTree = "<group>"; };
		11B825AB1C73530B00BD32B0 /* Info.plist */ = {isa = PBXFileReference; lastKnownFileType = text.plist.xml; path = Info.plist; sourceTree = "<group>"; };
		11B825B01C73530B00BD32B0 /* SwiftMazeUITests.xctest */ = {isa = PBXFileReference; explicitFileType = wrapper.cfbundle; includeInIndex = 0; path = SwiftMazeUITests.xctest; sourceTree = BUILT_PRODUCTS_DIR; };
		11B825B41C73530B00BD32B0 /* SwiftMazeUITests.swift */ = {isa = PBXFileReference; lastKnownFileType = sourcecode.swift; path = SwiftMazeUITests.swift; sourceTree = "<group>"; };
		11B825B61C73530B00BD32B0 /* Info.plist */ = {isa = PBXFileReference; lastKnownFileType = text.plist.xml; path = Info.plist; sourceTree = "<group>"; };
		11B825C61C73552100BD32B0 /* MazeScene.swift */ = {isa = PBXFileReference; fileEncoding = 4; lastKnownFileType = sourcecode.swift; path = MazeScene.swift; sourceTree = "<group>"; };
		11B825CC1C735AD900BD32B0 /* MazeScene.sks */ = {isa = PBXFileReference; lastKnownFileType = file.sks; path = MazeScene.sks; sourceTree = "<group>"; };
		11B825CE1C73688200BD32B0 /* glass_ball.png */ = {isa = PBXFileReference; lastKnownFileType = image.png; path = glass_ball.png; sourceTree = "<group>"; };
/* End PBXFileReference section */

/* Begin PBXFrameworksBuildPhase section */
		11B8258C1C73530A00BD32B0 /* Frameworks */ = {
			isa = PBXFrameworksBuildPhase;
			buildActionMask = 2147483647;
			files = (
			);
			runOnlyForDeploymentPostprocessing = 0;
		};
		11B825A21C73530B00BD32B0 /* Frameworks */ = {
			isa = PBXFrameworksBuildPhase;
			buildActionMask = 2147483647;
			files = (
			);
			runOnlyForDeploymentPostprocessing = 0;
		};
		11B825AD1C73530B00BD32B0 /* Frameworks */ = {
			isa = PBXFrameworksBuildPhase;
			buildActionMask = 2147483647;
			files = (
			);
			runOnlyForDeploymentPostprocessing = 0;
		};
/* End PBXFrameworksBuildPhase section */

/* Begin PBXGroup section */
		11B825861C73530A00BD32B0 = {
			isa = PBXGroup;
			children = (
				11B825911C73530A00BD32B0 /* SwiftMaze */,
				11B825A81C73530B00BD32B0 /* SwiftMazeTests */,
				11B825B31C73530B00BD32B0 /* SwiftMazeUITests */,
				11B825901C73530A00BD32B0 /* Products */,
			);
			sourceTree = "<group>";
		};
		11B825901C73530A00BD32B0 /* Products */ = {
			isa = PBXGroup;
			children = (
				11B8258F1C73530A00BD32B0 /* SwiftMaze.app */,
				11B825A51C73530B00BD32B0 /* SwiftMazeTests.xctest */,
				11B825B01C73530B00BD32B0 /* SwiftMazeUITests.xctest */,
			);
			name = Products;
			sourceTree = "<group>";
		};
		11B825911C73530A00BD32B0 /* SwiftMaze */ = {
			isa = PBXGroup;
			children = (
				11B825921C73530A00BD32B0 /* AppDelegate.swift */,
				11B825961C73530A00BD32B0 /* GameViewController.swift */,
				11B825981C73530B00BD32B0 /* Main.storyboard */,
				11B8259B1C73530B00BD32B0 /* Assets.xcassets */,
				11B8259D1C73530B00BD32B0 /* LaunchScreen.storyboard */,
				11B825A01C73530B00BD32B0 /* Info.plist */,
				11B825C61C73552100BD32B0 /* MazeScene.swift */,
				11B825CC1C735AD900BD32B0 /* MazeScene.sks */,
				11B825CE1C73688200BD32B0 /* glass_ball.png */,
				1122B9121C736E70009D667A /* soccer_ball.png */,
			);
			path = SwiftMaze;
			sourceTree = "<group>";
		};
		11B825A81C73530B00BD32B0 /* SwiftMazeTests */ = {
			isa = PBXGroup;
			children = (
				11B825A91C73530B00BD32B0 /* SwiftMazeTests.swift */,
				11B825AB1C73530B00BD32B0 /* Info.plist */,
			);
			path = SwiftMazeTests;
			sourceTree = "<group>";
		};
		11B825B31C73530B00BD32B0 /* SwiftMazeUITests */ = {
			isa = PBXGroup;
			children = (
				11B825B41C73530B00BD32B0 /* SwiftMazeUITests.swift */,
				11B825B61C73530B00BD32B0 /* Info.plist */,
			);
			path = SwiftMazeUITests;
			sourceTree = "<group>";
		};
/* End PBXGroup section */

/* Begin PBXNativeTarget section */
		11B8258E1C73530A00BD32B0 /* SwiftMaze */ = {
			isa = PBXNativeTarget;
			buildConfigurationList = 11B825B91C73530B00BD32B0 /* Build configuration list for PBXNativeTarget "SwiftMaze" */;
			buildPhases = (
				11B8258B1C73530A00BD32B0 /* Sources */,
				11B8258C1C73530A00BD32B0 /* Frameworks */,
				11B8258D1C73530A00BD32B0 /* Resources */,
			);
			buildRules = (
			);
			dependencies = (
			);
			name = SwiftMaze;
			productName = SwiftMaze;
			productReference = 11B8258F1C73530A00BD32B0 /* SwiftMaze.app */;
			productType = "com.apple.product-type.application";
		};
		11B825A41C73530B00BD32B0 /* SwiftMazeTests */ = {
			isa = PBXNativeTarget;
			buildConfigurationList = 11B825BC1C73530B00BD32B0 /* Build configuration list for PBXNativeTarget "SwiftMazeTests" */;
			buildPhases = (
				11B825A11C73530B00BD32B0 /* Sources */,
				11B825A21C73530B00BD32B0 /* Frameworks */,
				11B825A31C73530B00BD32B0 /* Resources */,
			);
			buildRules = (
			);
			dependencies = (
				11B825A71C73530B00BD32B0 /* PBXTargetDependency */,
			);
			name = SwiftMazeTests;
			productName = SwiftMazeTests;
			productReference = 11B825A51C73530B00BD32B0 /* SwiftMazeTests.xctest */;
			productType = "com.apple.product-type.bundle.unit-test";
		};
		11B825AF1C73530B00BD32B0 /* SwiftMazeUITests */ = {
			isa = PBXNativeTarget;
			buildConfigurationList = 11B825BF1C73530B00BD32B0 /* Build configuration list for PBXNativeTarget "SwiftMazeUITests" */;
			buildPhases = (
				11B825AC1C73530B00BD32B0 /* Sources */,
				11B825AD1C73530B00BD32B0 /* Frameworks */,
				11B825AE1C73530B00BD32B0 /* Resources */,
			);
			buildRules = (
			);
			dependencies = (
				11B825B21C73530B00BD32B0 /* PBXTargetDependency */,
			);
			name = SwiftMazeUITests;
			productName = SwiftMazeUITests;
			productReference = 11B825B01C73530B00BD32B0 /* SwiftMazeUITests.xctest */;
			productType = "com.apple.product-type.bundle.ui-testing";
		};
/* End PBXNativeTarget section */

/* Begin PBXProject section */
		11B825871C73530A00BD32B0 /* Project object */ = {
			isa = PBXProject;
			attributes = {
				LastSwiftUpdateCheck = 0720;
				LastUpgradeCheck = 0720;
				ORGANIZATIONNAME = "Enkhjargal Gansukh";
				TargetAttributes = {
					11B8258E1C73530A00BD32B0 = {
						CreatedOnToolsVersion = 7.2.1;
						DevelopmentTeam = YBFAQB2XKJ;
					};
					11B825A41C73530B00BD32B0 = {
						CreatedOnToolsVersion = 7.2.1;
						TestTargetID = 11B8258E1C73530A00BD32B0;
					};
					11B825AF1C73530B00BD32B0 = {
						CreatedOnToolsVersion = 7.2.1;
						TestTargetID = 11B8258E1C73530A00BD32B0;
					};
				};
			};
			buildConfigurationList = 11B8258A1C73530A00BD32B0 /* Build configuration list for PBXProject "SwiftMaze" */;
			compatibilityVersion = "Xcode 3.2";
			developmentRegion = English;
			hasScannedForEncodings = 0;
			knownRegions = (
				en,
				Base,
			);
			mainGroup = 11B825861C73530A00BD32B0;
			productRefGroup = 11B825901C73530A00BD32B0 /* Products */;
			projectDirPath = "";
			projectRoot = "";
			targets = (
				11B8258E1C73530A00BD32B0 /* SwiftMaze */,
				11B825A41C73530B00BD32B0 /* SwiftMazeTests */,
				11B825AF1C73530B00BD32B0 /* SwiftMazeUITests */,
			);
		};
/* End PBXProject section */

/* Begin PBXResourcesBuildPhase section */
		11B8258D1C73530A00BD32B0 /* Resources */ = {
			isa = PBXResourcesBuildPhase;
			buildActionMask = 2147483647;
			files = (
				11B8259F1C73530B00BD32B0 /* LaunchScreen.storyboard in Resources */,
				11B825CD1C735AD900BD32B0 /* MazeScene.sks in Resources */,
				11B8259C1C73530B00BD32B0 /* Assets.xcassets in Resources */,
				11B8259A1C73530B00BD32B0 /* Main.storyboard in Resources */,
				11B825CF1C73688200BD32B0 /* glass_ball.png in Resources */,
				1122B9131C736E70009D667A /* soccer_ball.png in Resources */,
			);
			runOnlyForDeploymentPostprocessing = 0;
		};
		11B825A31C73530B00BD32B0 /* Resources */ = {
			isa = PBXResourcesBuildPhase;
			buildActionMask = 2147483647;
			files = (
			);
			runOnlyForDeploymentPostprocessing = 0;
		};
		11B825AE1C73530B00BD32B0 /* Resources */ = {
			isa = PBXResourcesBuildPhase;
			buildActionMask = 2147483647;
			files = (
			);
			runOnlyForDeploymentPostprocessing = 0;
		};
/* End PBXResourcesBuildPhase section */

/* Begin PBXSourcesBuildPhase section */
		11B8258B1C73530A00BD32B0 /* Sources */ = {
			isa = PBXSourcesBuildPhase;
			buildActionMask = 2147483647;
			files = (
				11B825C71C73552100BD32B0 /* MazeScene.swift in Sources */,
				11B825971C73530A00BD32B0 /* GameViewController.swift in Sources */,
				11B825931C73530A00BD32B0 /* AppDelegate.swift in Sources */,
			);
			runOnlyForDeploymentPostprocessing = 0;
		};
		11B825A11C73530B00BD32B0 /* Sources */ = {
			isa = PBXSourcesBuildPhase;
			buildActionMask = 2147483647;
			files = (
				11B825AA1C73530B00BD32B0 /* SwiftMazeTests.swift in Sources */,
			);
			runOnlyForDeploymentPostprocessing = 0;
		};
		11B825AC1C73530B00BD32B0 /* Sources */ = {
			isa = PBXSourcesBuildPhase;
			buildActionMask = 2147483647;
			files = (
				11B825B51C73530B00BD32B0 /* SwiftMazeUITests.swift in Sources */,
			);
			runOnlyForDeploymentPostprocessing = 0;
		};
/* End PBXSourcesBuildPhase section */

/* Begin PBXTargetDependency section */
		11B825A71C73530B00BD32B0 /* PBXTargetDependency */ = {
			isa = PBXTargetDependency;
			target = 11B8258E1C73530A00BD32B0 /* SwiftMaze */;
			targetProxy = 11B825A61C73530B00BD32B0 /* PBXContainerItemProxy */;
		};
		11B825B21C73530B00BD32B0 /* PBXTargetDependency */ = {
			isa = PBXTargetDependency;
			target = 11B8258E1C73530A00BD32B0 /* SwiftMaze */;
			targetProxy = 11B825B11C73530B00BD32B0 /* PBXContainerItemProxy */;
		};
/* End PBXTargetDependency section */

/* Begin PBXVariantGroup section */
		11B825981C73530B00BD32B0 /* Main.storyboard */ = {
			isa = PBXVariantGroup;
			children = (
				11B825991C73530B00BD32B0 /* Base */,
			);
			name = Main.storyboard;
			sourceTree = "<group>";
		};
		11B8259D1C73530B00BD32B0 /* LaunchScreen.storyboard */ = {
			isa = PBXVariantGroup;
			children = (
				11B8259E1C73530B00BD32B0 /* Base */,
			);
			name = LaunchScreen.storyboard;
			sourceTree = "<group>";
		};
/* End PBXVariantGroup section */

/* Begin XCBuildConfiguration section */
		11B825B71C73530B00BD32B0 /* Debug */ = {
			isa = XCBuildConfiguration;
			buildSettings = {
				ALWAYS_SEARCH_USER_PATHS = NO;
				CLANG_CXX_LANGUAGE_STANDARD = "gnu++0x";
				CLANG_CXX_LIBRARY = "libc++";
				CLANG_ENABLE_MODULES = YES;
				CLANG_ENABLE_OBJC_ARC = YES;
				CLANG_WARN_BOOL_CONVERSION = YES;
				CLANG_WARN_CONSTANT_CONVERSION = YES;
				CLANG_WARN_DIRECT_OBJC_ISA_USAGE = YES_ERROR;
				CLANG_WARN_EMPTY_BODY = YES;
				CLANG_WARN_ENUM_CONVERSION = YES;
				CLANG_WARN_INT_CONVERSION = YES;
				CLANG_WARN_OBJC_ROOT_CLASS = YES_ERROR;
				CLANG_WARN_UNREACHABLE_CODE = YES;
				CLANG_WARN__DUPLICATE_METHOD_MATCH = YES;
				"CODE_SIGN_IDENTITY[sdk=iphoneos*]" = "iPhone Developer";
				COPY_PHASE_STRIP = NO;
				DEBUG_INFORMATION_FORMAT = "dwarf-with-dsym";
				ENABLE_STRICT_OBJC_MSGSEND = YES;
				ENABLE_TESTABILITY = YES;
				GCC_C_LANGUAGE_STANDARD = gnu99;
				GCC_DYNAMIC_NO_PIC = NO;
				GCC_NO_COMMON_BLOCKS = YES;
				GCC_OPTIMIZATION_LEVEL = 0;
				GCC_PREPROCESSOR_DEFINITIONS = (
					"DEBUG=1",
					"$(inherited)",
				);
				GCC_WARN_64_TO_32_BIT_CONVERSION = YES;
				GCC_WARN_ABOUT_RETURN_TYPE = YES_ERROR;
				GCC_WARN_UNDECLARED_SELECTOR = YES;
				GCC_WARN_UNINITIALIZED_AUTOS = YES_AGGRESSIVE;
				GCC_WARN_UNUSED_FUNCTION = YES;
				GCC_WARN_UNUSED_VARIABLE = YES;
				IPHONEOS_DEPLOYMENT_TARGET = 9.2;
				MTL_ENABLE_DEBUG_INFO = YES;
				ONLY_ACTIVE_ARCH = YES;
				SDKROOT = iphoneos;
				SWIFT_OPTIMIZATION_LEVEL = "-Onone";
			};
			name = Debug;
		};
		11B825B81C73530B00BD32B0 /* Release */ = {
			isa = XCBuildConfiguration;
			buildSettings = {
				ALWAYS_SEARCH_USER_PATHS = NO;
				CLANG_CXX_LANGUAGE_STANDARD = "gnu++0x";
				CLANG_CXX_LIBRARY = "libc++";
				CLANG_ENABLE_MODULES = YES;
				CLANG_ENABLE_OBJC_ARC = YES;
				CLANG_WARN_BOOL_CONVERSION = YES;
				CLANG_WARN_CONSTANT_CONVERSION = YES;
				CLANG_WARN_DIRECT_OBJC_ISA_USAGE = YES_ERROR;
				CLANG_WARN_EMPTY_BODY = YES;
				CLANG_WARN_ENUM_CONVERSION = YES;
				CLANG_WARN_INT_CONVERSION = YES;
				CLANG_WARN_OBJC_ROOT_CLASS = YES_ERROR;
				CLANG_WARN_UNREACHABLE_CODE = YES;
				CLANG_WARN__DUPLICATE_METHOD_MATCH = YES;
				"CODE_SIGN_IDENTITY[sdk=iphoneos*]" = "iPhone Developer";
				COPY_PHASE_STRIP = NO;
				DEBUG_INFORMATION_FORMAT = "dwarf-with-dsym";
				ENABLE_NS_ASSERTIONS = NO;
				ENABLE_STRICT_OBJC_MSGSEND = YES;
				GCC_C_LANGUAGE_STANDARD = gnu99;
				GCC_NO_COMMON_BLOCKS = YES;
				GCC_WARN_64_TO_32_BIT_CONVERSION = YES;
				GCC_WARN_ABOUT_RETURN_TYPE = YES_ERROR;
				GCC_WARN_UNDECLARED_SELECTOR = YES;
				GCC_WARN_UNINITIALIZED_AUTOS = YES_AGGRESSIVE;
				GCC_WARN_UNUSED_FUNCTION = YES;
				GCC_WARN_UNUSED_VARIABLE = YES;
				IPHONEOS_DEPLOYMENT_TARGET = 9.2;
				MTL_ENABLE_DEBUG_INFO = NO;
				SDKROOT = iphoneos;
				VALIDATE_PRODUCT = YES;
			};
			name = Release;
		};
		11B825BA1C73530B00BD32B0 /* Debug */ = {
			isa = XCBuildConfiguration;
			buildSettings = {
				ASSETCATALOG_COMPILER_APPICON_NAME = AppIcon;
				CODE_SIGN_IDENTITY = "iPhone Developer";
				"CODE_SIGN_IDENTITY[sdk=iphoneos*]" = "iPhone Developer";
				INFOPLIST_FILE = SwiftMaze/Info.plist;
				LD_RUNPATH_SEARCH_PATHS = "$(inherited) @executable_path/Frameworks";
				PRODUCT_BUNDLE_IDENTIFIER = SmartmongolTeam.SwiftMaze;
				PRODUCT_NAME = "$(TARGET_NAME)";
				PROVISIONING_PROFILE = "";
			};
			name = Debug;
		};
		11B825BB1C73530B00BD32B0 /* Release */ = {
			isa = XCBuildConfiguration;
			buildSettings = {
				ASSETCATALOG_COMPILER_APPICON_NAME = AppIcon;
				CODE_SIGN_IDENTITY = "iPhone Developer";
				"CODE_SIGN_IDENTITY[sdk=iphoneos*]" = "iPhone Developer";
				INFOPLIST_FILE = SwiftMaze/Info.plist;
				LD_RUNPATH_SEARCH_PATHS = "$(inherited) @executable_path/Frameworks";
				PRODUCT_BUNDLE_IDENTIFIER = SmartmongolTeam.SwiftMaze;
				PRODUCT_NAME = "$(TARGET_NAME)";
				PROVISIONING_PROFILE = "";
			};
			name = Release;
		};
		11B825BD1C73530B00BD32B0 /* Debug */ = {
			isa = XCBuildConfiguration;
			buildSettings = {
				BUNDLE_LOADER = "$(TEST_HOST)";
				DEBUG_INFORMATION_FORMAT = dwarf;
				INFOPLIST_FILE = SwiftMazeTests/Info.plist;
				LD_RUNPATH_SEARCH_PATHS = "$(inherited) @executable_path/Frameworks @loader_path/Frameworks";
				PRODUCT_BUNDLE_IDENTIFIER = SmartmongolTeam.SwiftMazeTests;
				PRODUCT_NAME = "$(TARGET_NAME)";
				TEST_HOST = "$(BUILT_PRODUCTS_DIR)/SwiftMaze.app/SwiftMaze";
			};
			name = Debug;
		};
		11B825BE1C73530B00BD32B0 /* Release */ = {
			isa = XCBuildConfiguration;
			buildSettings = {
				BUNDLE_LOADER = "$(TEST_HOST)";
				INFOPLIST_FILE = SwiftMazeTests/Info.plist;
				LD_RUNPATH_SEARCH_PATHS = "$(inherited) @executable_path/Frameworks @loader_path/Frameworks";
				PRODUCT_BUNDLE_IDENTIFIER = SmartmongolTeam.SwiftMazeTests;
				PRODUCT_NAME = "$(TARGET_NAME)";
				TEST_HOST = "$(BUILT_PRODUCTS_DIR)/SwiftMaze.app/SwiftMaze";
			};
			name = Release;
		};
		11B825C01C73530B00BD32B0 /* Debug */ = {
			isa = XCBuildConfiguration;
			buildSettings = {
				DEBUG_INFORMATION_FORMAT = dwarf;
				INFOPLIST_FILE = SwiftMazeUITests/Info.plist;
				LD_RUNPATH_SEARCH_PATHS = "$(inherited) @executable_path/Frameworks @loader_path/Frameworks";
				PRODUCT_BUNDLE_IDENTIFIER = SmartmongolTeam.SwiftMazeUITests;
				PRODUCT_NAME = "$(TARGET_NAME)";
				TEST_TARGET_NAME = SwiftMaze;
				USES_XCTRUNNER = YES;
			};
			name = Debug;
		};
		11B825C11C73530B00BD32B0 /* Release */ = {
			isa = XCBuildConfiguration;
			buildSettings = {
				INFOPLIST_FILE = SwiftMazeUITests/Info.plist;
				LD_RUNPATH_SEARCH_PATHS = "$(inherited) @executable_path/Frameworks @loader_path/Frameworks";
				PRODUCT_BUNDLE_IDENTIFIER = SmartmongolTeam.SwiftMazeUITests;
				PRODUCT_NAME = "$(TARGET_NAME)";
				TEST_TARGET_NAME = SwiftMaze;
				USES_XCTRUNNER = YES;
			};
			name = Release;
		};
/* End XCBuildConfiguration section */

/* Begin XCConfigurationList section */
		11B8258A1C73530A00BD32B0 /* Build configuration list for PBXProject "SwiftMaze" */ = {
			isa = XCConfigurationList;
			buildConfigurations = (
				11B825B71C73530B00BD32B0 /* Debug */,
				11B825B81C73530B00BD32B0 /* Release */,
			);
			defaultConfigurationIsVisible = 0;
			defaultConfigurationName = Release;
		};
		11B825B91C73530B00BD32B0 /* Build configuration list for PBXNativeTarget "SwiftMaze" */ = {
			isa = XCConfigurationList;
			buildConfigurations = (
				11B825BA1C73530B00BD32B0 /* Debug */,
				11B825BB1C73530B00BD32B0 /* Release */,
			);
			defaultConfigurationIsVisible = 0;
			defaultConfigurationName = Release;
		};
		11B825BC1C73530B00BD32B0 /* Build configuration list for PBXNativeTarget "SwiftMazeTests" */ = {
			isa = XCConfigurationList;
			buildConfigurations = (
				11B825BD1C73530B00BD32B0 /* Debug */,
				11B825BE1C73530B00BD32B0 /* Release */,
			);
			defaultConfigurationIsVisible = 0;
			defaultConfigurationName = Release;
		};
		11B825BF1C73530B00BD32B0 /* Build configuration list for PBXNativeTarget "SwiftMazeUITests" */ = {
			isa = XCConfigurationList;
			buildConfigurations = (
				11B825C01C73530B00BD32B0 /* Debug */,
				11B825C11C73530B00BD32B0 /* Release */,
			);
			defaultConfigurationIsVisible = 0;
			defaultConfigurationName = Release;
		};
/* End XCConfigurationList section */
	};
	rootObject = 11B825871C73530A00BD32B0 /* Project object */;
}
